// !$*UTF8*$!
{
	archiveVersion = 1;
	classes = {
	};
	objectVersion = 55;
	objects = {

/* Begin PBXBuildFile section */
		34D0AEB927ECD0D9001B1F89 /* AppDelegate.swift in Sources */ = {isa = PBXBuildFile; fileRef = 34D0AEB827ECD0D9001B1F89 /* AppDelegate.swift */; };
		34D0AEBB27ECD0D9001B1F89 /* SceneDelegate.swift in Sources */ = {isa = PBXBuildFile; fileRef = 34D0AEBA27ECD0D9001B1F89 /* SceneDelegate.swift */; };
		34D0AEBD27ECD0D9001B1F89 /* ViewController.swift in Sources */ = {isa = PBXBuildFile; fileRef = 34D0AEBC27ECD0D9001B1F89 /* ViewController.swift */; };
		34D0AEC027ECD0D9001B1F89 /* Main.storyboard in Resources */ = {isa = PBXBuildFile; fileRef = 34D0AEBE27ECD0D9001B1F89 /* Main.storyboard */; };
		34D0AEC227ECD0DA001B1F89 /* Assets.xcassets in Resources */ = {isa = PBXBuildFile; fileRef = 34D0AEC127ECD0DA001B1F89 /* Assets.xcassets */; };
		34D0AEC527ECD0DA001B1F89 /* LaunchScreen.storyboard in Resources */ = {isa = PBXBuildFile; fileRef = 34D0AEC327ECD0DA001B1F89 /* LaunchScreen.storyboard */; };
		34D0AED027ECD0DA001B1F89 /* StudentAppMultiviewTests.swift in Sources */ = {isa = PBXBuildFile; fileRef = 34D0AECF27ECD0DA001B1F89 /* StudentAppMultiviewTests.swift */; };
		34D0AEDA27ECD0DA001B1F89 /* StudentAppMultiviewUITests.swift in Sources */ = {isa = PBXBuildFile; fileRef = 34D0AED927ECD0DA001B1F89 /* StudentAppMultiviewUITests.swift */; };
		34D0AEDC27ECD0DA001B1F89 /* StudentAppMultiviewUITestsLaunchTests.swift in Sources */ = {isa = PBXBuildFile; fileRef = 34D0AEDB27ECD0DA001B1F89 /* StudentAppMultiviewUITestsLaunchTests.swift */; };
		34D0AEE927ECD491001B1F89 /* StudentInfoViewController.swift in Sources */ = {isa = PBXBuildFile; fileRef = 34D0AEE827ECD491001B1F89 /* StudentInfoViewController.swift */; };
		34D0AEED27ECD674001B1F89 /* CourseViewController.swift in Sources */ = {isa = PBXBuildFile; fileRef = 34D0AEEC27ECD674001B1F89 /* CourseViewController.swift */; };
		34D0AEEF27ECD7E9001B1F89 /* Student.swift in Sources */ = {isa = PBXBuildFile; fileRef = 34D0AEEE27ECD7E9001B1F89 /* Student.swift */; };
/* End PBXBuildFile section */

/* Begin PBXContainerItemProxy section */
		34D0AECC27ECD0DA001B1F89 /* PBXContainerItemProxy */ = {
			isa = PBXContainerItemProxy;
			containerPortal = 34D0AEAD27ECD0D9001B1F89 /* Project object */;
			proxyType = 1;
			remoteGlobalIDString = 34D0AEB427ECD0D9001B1F89;
			remoteInfo = StudentAppMultiview;
		};
		34D0AED627ECD0DA001B1F89 /* PBXContainerItemProxy */ = {
			isa = PBXContainerItemProxy;
			containerPortal = 34D0AEAD27ECD0D9001B1F89 /* Project object */;
			proxyType = 1;
			remoteGlobalIDString = 34D0AEB427ECD0D9001B1F89;
			remoteInfo = StudentAppMultiview;
		};
/* End PBXContainerItemProxy section */

/* Begin PBXFileReference section */
		34D0AEB527ECD0D9001B1F89 /* StudentAppMultiview.app */ = {isa = PBXFileReference; explicitFileType = wrapper.application; includeInIndex = 0; path = StudentAppMultiview.app; sourceTree = BUILT_PRODUCTS_DIR; };
		34D0AEB827ECD0D9001B1F89 /* AppDelegate.swift */ = {isa = PBXFileReference; lastKnownFileType = sourcecode.swift; path = AppDelegate.swift; sourceTree = "<group>"; };
		34D0AEBA27ECD0D9001B1F89 /* SceneDelegate.swift */ = {isa = PBXFileReference; lastKnownFileType = sourcecode.swift; path = SceneDelegate.swift; sourceTree = "<group>"; };
		34D0AEBC27ECD0D9001B1F89 /* ViewController.swift */ = {isa = PBXFileReference; lastKnownFileType = sourcecode.swift; path = ViewController.swift; sourceTree = "<group>"; };
		34D0AEBF27ECD0D9001B1F89 /* Base */ = {isa = PBXFileReference; lastKnownFileType = file.storyboard; name = Base; path = Base.lproj/Main.storyboard; sourceTree = "<group>"; };
		34D0AEC127ECD0DA001B1F89 /* Assets.xcassets */ = {isa = PBXFileReference; lastKnownFileType = folder.assetcatalog; path = Assets.xcassets; sourceTree = "<group>"; };
		34D0AEC427ECD0DA001B1F89 /* Base */ = {isa = PBXFileReference; lastKnownFileType = file.storyboard; name = Base; path = Base.lproj/LaunchScreen.storyboard; sourceTree = "<group>"; };
		34D0AEC627ECD0DA001B1F89 /* Info.plist */ = {isa = PBXFileReference; lastKnownFileType = text.plist.xml; path = Info.plist; sourceTree = "<group>"; };
		34D0AECB27ECD0DA001B1F89 /* StudentAppMultiviewTests.xctest */ = {isa = PBXFileReference; explicitFileType = wrapper.cfbundle; includeInIndex = 0; path = StudentAppMultiviewTests.xctest; sourceTree = BUILT_PRODUCTS_DIR; };
		34D0AECF27ECD0DA001B1F89 /* StudentAppMultiviewTests.swift */ = {isa = PBXFileReference; lastKnownFileType = sourcecode.swift; path = StudentAppMultiviewTests.swift; sourceTree = "<group>"; };
		34D0AED527ECD0DA001B1F89 /* StudentAppMultiviewUITests.xctest */ = {isa = PBXFileReference; explicitFileType = wrapper.cfbundle; includeInIndex = 0; path = StudentAppMultiviewUITests.xctest; sourceTree = BUILT_PRODUCTS_DIR; };
		34D0AED927ECD0DA001B1F89 /* StudentAppMultiviewUITests.swift */ = {isa = PBXFileReference; lastKnownFileType = sourcecode.swift; path = StudentAppMultiviewUITests.swift; sourceTree = "<group>"; };
		34D0AEDB27ECD0DA001B1F89 /* StudentAppMultiviewUITestsLaunchTests.swift */ = {isa = PBXFileReference; lastKnownFileType = sourcecode.swift; path = StudentAppMultiviewUITestsLaunchTests.swift; sourceTree = "<group>"; };
		34D0AEE827ECD491001B1F89 /* StudentInfoViewController.swift */ = {isa = PBXFileReference; lastKnownFileType = sourcecode.swift; path = StudentInfoViewController.swift; sourceTree = "<group>"; };
		34D0AEEC27ECD674001B1F89 /* CourseViewController.swift */ = {isa = PBXFileReference; lastKnownFileType = sourcecode.swift; path = CourseViewController.swift; sourceTree = "<group>"; };
		34D0AEEE27ECD7E9001B1F89 /* Student.swift */ = {isa = PBXFileReference; lastKnownFileType = sourcecode.swift; path = Student.swift; sourceTree = "<group>"; };
/* End PBXFileReference section */

/* Begin PBXFrameworksBuildPhase section */
		34D0AEB227ECD0D9001B1F89 /* Frameworks */ = {
			isa = PBXFrameworksBuildPhase;
			buildActionMask = 2147483647;
			files = (
			);
			runOnlyForDeploymentPostprocessing = 0;
		};
		34D0AEC827ECD0DA001B1F89 /* Frameworks */ = {
			isa = PBXFrameworksBuildPhase;
			buildActionMask = 2147483647;
			files = (
			);
			runOnlyForDeploymentPostprocessing = 0;
		};
		34D0AED227ECD0DA001B1F89 /* Frameworks */ = {
			isa = PBXFrameworksBuildPhase;
			buildActionMask = 2147483647;
			files = (
			);
			runOnlyForDeploymentPostprocessing = 0;
		};
/* End PBXFrameworksBuildPhase section */

/* Begin PBXGroup section */
		34D0AEAC27ECD0D9001B1F89 = {
			isa = PBXGroup;
			children = (
				34D0AEB727ECD0D9001B1F89 /* StudentAppMultiview */,
				34D0AECE27ECD0DA001B1F89 /* StudentAppMultiviewTests */,
				34D0AED827ECD0DA001B1F89 /* StudentAppMultiviewUITests */,
				34D0AEB627ECD0D9001B1F89 /* Products */,
			);
			sourceTree = "<group>";
		};
		34D0AEB627ECD0D9001B1F89 /* Products */ = {
			isa = PBXGroup;
			children = (
				34D0AEB527ECD0D9001B1F89 /* StudentAppMultiview.app */,
				34D0AECB27ECD0DA001B1F89 /* StudentAppMultiviewTests.xctest */,
				34D0AED527ECD0DA001B1F89 /* StudentAppMultiviewUITests.xctest */,
			);
			name = Products;
			sourceTree = "<group>";
		};
		34D0AEB727ECD0D9001B1F89 /* StudentAppMultiview */ = {
			isa = PBXGroup;
			children = (
				34D0AEB827ECD0D9001B1F89 /* AppDelegate.swift */,
				34D0AEBA27ECD0D9001B1F89 /* SceneDelegate.swift */,
				34D0AEBC27ECD0D9001B1F89 /* ViewController.swift */,
				34D0AEBE27ECD0D9001B1F89 /* Main.storyboard */,
				34D0AEC127ECD0DA001B1F89 /* Assets.xcassets */,
				34D0AEC327ECD0DA001B1F89 /* LaunchScreen.storyboard */,
				34D0AEC627ECD0DA001B1F89 /* Info.plist */,
				34D0AEE827ECD491001B1F89 /* StudentInfoViewController.swift */,
				34D0AEEC27ECD674001B1F89 /* CourseViewController.swift */,
				34D0AEEE27ECD7E9001B1F89 /* Student.swift */,
			);
			path = StudentAppMultiview;
			sourceTree = "<group>";
		};
		34D0AECE27ECD0DA001B1F89 /* StudentAppMultiviewTests */ = {
			isa = PBXGroup;
			children = (
				34D0AECF27ECD0DA001B1F89 /* StudentAppMultiviewTests.swift */,
			);
			path = StudentAppMultiviewTests;
			sourceTree = "<group>";
		};
		34D0AED827ECD0DA001B1F89 /* StudentAppMultiviewUITests */ = {
			isa = PBXGroup;
			children = (
				34D0AED927ECD0DA001B1F89 /* StudentAppMultiviewUITests.swift */,
				34D0AEDB27ECD0DA001B1F89 /* StudentAppMultiviewUITestsLaunchTests.swift */,
			);
			path = StudentAppMultiviewUITests;
			sourceTree = "<group>";
		};
/* End PBXGroup section */

/* Begin PBXNativeTarget section */
		34D0AEB427ECD0D9001B1F89 /* StudentAppMultiview */ = {
			isa = PBXNativeTarget;
			buildConfigurationList = 34D0AEDF27ECD0DA001B1F89 /* Build configuration list for PBXNativeTarget "StudentAppMultiview" */;
			buildPhases = (
				34D0AEB127ECD0D9001B1F89 /* Sources */,
				34D0AEB227ECD0D9001B1F89 /* Frameworks */,
				34D0AEB327ECD0D9001B1F89 /* Resources */,
			);
			buildRules = (
			);
			dependencies = (
			);
			name = StudentAppMultiview;
			productName = StudentAppMultiview;
			productReference = 34D0AEB527ECD0D9001B1F89 /* StudentAppMultiview.app */;
			productType = "com.apple.product-type.application";
		};
		34D0AECA27ECD0DA001B1F89 /* StudentAppMultiviewTests */ = {
			isa = PBXNativeTarget;
			buildConfigurationList = 34D0AEE227ECD0DA001B1F89 /* Build configuration list for PBXNativeTarget "StudentAppMultiviewTests" */;
			buildPhases = (
				34D0AEC727ECD0DA001B1F89 /* Sources */,
				34D0AEC827ECD0DA001B1F89 /* Frameworks */,
				34D0AEC927ECD0DA001B1F89 /* Resources */,
			);
			buildRules = (
			);
			dependencies = (
				34D0AECD27ECD0DA001B1F89 /* PBXTargetDependency */,
			);
			name = StudentAppMultiviewTests;
			productName = StudentAppMultiviewTests;
			productReference = 34D0AECB27ECD0DA001B1F89 /* StudentAppMultiviewTests.xctest */;
			productType = "com.apple.product-type.bundle.unit-test";
		};
		34D0AED427ECD0DA001B1F89 /* StudentAppMultiviewUITests */ = {
			isa = PBXNativeTarget;
			buildConfigurationList = 34D0AEE527ECD0DA001B1F89 /* Build configuration list for PBXNativeTarget "StudentAppMultiviewUITests" */;
			buildPhases = (
				34D0AED127ECD0DA001B1F89 /* Sources */,
				34D0AED227ECD0DA001B1F89 /* Frameworks */,
				34D0AED327ECD0DA001B1F89 /* Resources */,
			);
			buildRules = (
			);
			dependencies = (
				34D0AED727ECD0DA001B1F89 /* PBXTargetDependency */,
			);
			name = StudentAppMultiviewUITests;
			productName = StudentAppMultiviewUITests;
			productReference = 34D0AED527ECD0DA001B1F89 /* StudentAppMultiviewUITests.xctest */;
			productType = "com.apple.product-type.bundle.ui-testing";
		};
/* End PBXNativeTarget section */

/* Begin PBXProject section */
		34D0AEAD27ECD0D9001B1F89 /* Project object */ = {
			isa = PBXProject;
			attributes = {
				BuildIndependentTargetsInParallel = 1;
				LastSwiftUpdateCheck = 1320;
				LastUpgradeCheck = 1320;
				TargetAttributes = {
					34D0AEB427ECD0D9001B1F89 = {
						CreatedOnToolsVersion = 13.2.1;
					};
					34D0AECA27ECD0DA001B1F89 = {
						CreatedOnToolsVersion = 13.2.1;
						TestTargetID = 34D0AEB427ECD0D9001B1F89;
					};
					34D0AED427ECD0DA001B1F89 = {
						CreatedOnToolsVersion = 13.2.1;
						TestTargetID = 34D0AEB427ECD0D9001B1F89;
					};
				};
			};
			buildConfigurationList = 34D0AEB027ECD0D9001B1F89 /* Build configuration list for PBXProject "StudentAppMultiview" */;
			compatibilityVersion = "Xcode 13.0";
			developmentRegion = en;
			hasScannedForEncodings = 0;
			knownRegions = (
				en,
				Base,
			);
			mainGroup = 34D0AEAC27ECD0D9001B1F89;
			productRefGroup = 34D0AEB627ECD0D9001B1F89 /* Products */;
			projectDirPath = "";
			projectRoot = "";
			targets = (
				34D0AEB427ECD0D9001B1F89 /* StudentAppMultiview */,
				34D0AECA27ECD0DA001B1F89 /* StudentAppMultiviewTests */,
				34D0AED427ECD0DA001B1F89 /* StudentAppMultiviewUITests */,
			);
		};
/* End PBXProject section */

/* Begin PBXResourcesBuildPhase section */
		34D0AEB327ECD0D9001B1F89 /* Resources */ = {
			isa = PBXResourcesBuildPhase;
			buildActionMask = 2147483647;
			files = (
				34D0AEC527ECD0DA001B1F89 /* LaunchScreen.storyboard in Resources */,
				34D0AEC227ECD0DA001B1F89 /* Assets.xcassets in Resources */,
				34D0AEC027ECD0D9001B1F89 /* Main.storyboard in Resources */,
			);
			runOnlyForDeploymentPostprocessing = 0;
		};
		34D0AEC927ECD0DA001B1F89 /* Resources */ = {
			isa = PBXResourcesBuildPhase;
			buildActionMask = 2147483647;
			files = (
			);
			runOnlyForDeploymentPostprocessing = 0;
		};
		34D0AED327ECD0DA001B1F89 /* Resources */ = {
			isa = PBXResourcesBuildPhase;
			buildActionMask = 2147483647;
			files = (
			);
			runOnlyForDeploymentPostprocessing = 0;
		};
/* End PBXResourcesBuildPhase section */

/* Begin PBXSourcesBuildPhase section */
		34D0AEB127ECD0D9001B1F89 /* Sources */ = {
			isa = PBXSourcesBuildPhase;
			buildActionMask = 2147483647;
			files = (
				34D0AEE927ECD491001B1F89 /* StudentInfoViewController.swift in Sources */,
				34D0AEEF27ECD7E9001B1F89 /* Student.swift in Sources */,
				34D0AEBD27ECD0D9001B1F89 /* ViewController.swift in Sources */,
				34D0AEB927ECD0D9001B1F89 /* AppDelegate.swift in Sources */,
				34D0AEED27ECD674001B1F89 /* CourseViewController.swift in Sources */,
				34D0AEBB27ECD0D9001B1F89 /* SceneDelegate.swift in Sources */,
			);
			runOnlyForDeploymentPostprocessing = 0;
		};
		34D0AEC727ECD0DA001B1F89 /* Sources */ = {
			isa = PBXSourcesBuildPhase;
			buildActionMask = 2147483647;
			files = (
				34D0AED027ECD0DA001B1F89 /* StudentAppMultiviewTests.swift in Sources */,
			);
			runOnlyForDeploymentPostprocessing = 0;
		};
		34D0AED127ECD0DA001B1F89 /* Sources */ = {
			isa = PBXSourcesBuildPhase;
			buildActionMask = 2147483647;
			files = (
				34D0AEDA27ECD0DA001B1F89 /* StudentAppMultiviewUITests.swift in Sources */,
				34D0AEDC27ECD0DA001B1F89 /* StudentAppMultiviewUITestsLaunchTests.swift in Sources */,
			);
			runOnlyForDeploymentPostprocessing = 0;
		};
/* End PBXSourcesBuildPhase section */

/* Begin PBXTargetDependency section */
		34D0AECD27ECD0DA001B1F89 /* PBXTargetDependency */ = {
			isa = PBXTargetDependency;
			target = 34D0AEB427ECD0D9001B1F89 /* StudentAppMultiview */;
			targetProxy = 34D0AECC27ECD0DA001B1F89 /* PBXContainerItemProxy */;
		};
		34D0AED727ECD0DA001B1F89 /* PBXTargetDependency */ = {
			isa = PBXTargetDependency;
			target = 34D0AEB427ECD0D9001B1F89 /* StudentAppMultiview */;
			targetProxy = 34D0AED627ECD0DA001B1F89 /* PBXContainerItemProxy */;
		};
/* End PBXTargetDependency section */

/* Begin PBXVariantGroup section */
		34D0AEBE27ECD0D9001B1F89 /* Main.storyboard */ = {
			isa = PBXVariantGroup;
			children = (
				34D0AEBF27ECD0D9001B1F89 /* Base */,
			);
			name = Main.storyboard;
			sourceTree = "<group>";
		};
		34D0AEC327ECD0DA001B1F89 /* LaunchScreen.storyboard */ = {
			isa = PBXVariantGroup;
			children = (
				34D0AEC427ECD0DA001B1F89 /* Base */,
			);
			name = LaunchScreen.storyboard;
			sourceTree = "<group>";
		};
/* End PBXVariantGroup section */

/* Begin XCBuildConfiguration section */
		34D0AEDD27ECD0DA001B1F89 /* Debug */ = {
			isa = XCBuildConfiguration;
			buildSettings = {
				ALWAYS_SEARCH_USER_PATHS = NO;
				CLANG_ANALYZER_NONNULL = YES;
				CLANG_ANALYZER_NUMBER_OBJECT_CONVERSION = YES_AGGRESSIVE;
				CLANG_CXX_LANGUAGE_STANDARD = "gnu++17";
				CLANG_CXX_LIBRARY = "libc++";
				CLANG_ENABLE_MODULES = YES;
				CLANG_ENABLE_OBJC_ARC = YES;
				CLANG_ENABLE_OBJC_WEAK = YES;
				CLANG_WARN_BLOCK_CAPTURE_AUTORELEASING = YES;
				CLANG_WARN_BOOL_CONVERSION = YES;
				CLANG_WARN_COMMA = YES;
				CLANG_WARN_CONSTANT_CONVERSION = YES;
				CLANG_WARN_DEPRECATED_OBJC_IMPLEMENTATIONS = YES;
				CLANG_WARN_DIRECT_OBJC_ISA_USAGE = YES_ERROR;
				CLANG_WARN_DOCUMENTATION_COMMENTS = YES;
				CLANG_WARN_EMPTY_BODY = YES;
				CLANG_WARN_ENUM_CONVERSION = YES;
				CLANG_WARN_INFINITE_RECURSION = YES;
				CLANG_WARN_INT_CONVERSION = YES;
				CLANG_WARN_NON_LITERAL_NULL_CONVERSION = YES;
				CLANG_WARN_OBJC_IMPLICIT_RETAIN_SELF = YES;
				CLANG_WARN_OBJC_LITERAL_CONVERSION = YES;
				CLANG_WARN_OBJC_ROOT_CLASS = YES_ERROR;
				CLANG_WARN_QUOTED_INCLUDE_IN_FRAMEWORK_HEADER = YES;
				CLANG_WARN_RANGE_LOOP_ANALYSIS = YES;
				CLANG_WARN_STRICT_PROTOTYPES = YES;
				CLANG_WARN_SUSPICIOUS_MOVE = YES;
				CLANG_WARN_UNGUARDED_AVAILABILITY = YES_AGGRESSIVE;
				CLANG_WARN_UNREACHABLE_CODE = YES;
				CLANG_WARN__DUPLICATE_METHOD_MATCH = YES;
				COPY_PHASE_STRIP = NO;
				DEBUG_INFORMATION_FORMAT = dwarf;
				ENABLE_STRICT_OBJC_MSGSEND = YES;
				ENABLE_TESTABILITY = YES;
				GCC_C_LANGUAGE_STANDARD = gnu11;
				GCC_DYNAMIC_NO_PIC = NO;
				GCC_NO_COMMON_BLOCKS = YES;
				GCC_OPTIMIZATION_LEVEL = 0;
				GCC_PREPROCESSOR_DEFINITIONS = (
					"DEBUG=1",
					"$(inherited)",
				);
				GCC_WARN_64_TO_32_BIT_CONVERSION = YES;
				GCC_WARN_ABOUT_RETURN_TYPE = YES_ERROR;
				GCC_WARN_UNDECLARED_SELECTOR = YES;
				GCC_WARN_UNINITIALIZED_AUTOS = YES_AGGRESSIVE;
				GCC_WARN_UNUSED_FUNCTION = YES;
				GCC_WARN_UNUSED_VARIABLE = YES;
				IPHONEOS_DEPLOYMENT_TARGET = 15.2;
				MTL_ENABLE_DEBUG_INFO = INCLUDE_SOURCE;
				MTL_FAST_MATH = YES;
				ONLY_ACTIVE_ARCH = YES;
				SDKROOT = iphoneos;
				SWIFT_ACTIVE_COMPILATION_CONDITIONS = DEBUG;
				SWIFT_OPTIMIZATION_LEVEL = "-Onone";
			};
			name = Debug;
		};
		34D0AEDE27ECD0DA001B1F89 /* Release */ = {
			isa = XCBuildConfiguration;
			buildSettings = {
				ALWAYS_SEARCH_USER_PATHS = NO;
				CLANG_ANALYZER_NONNULL = YES;
				CLANG_ANALYZER_NUMBER_OBJECT_CONVERSION = YES_AGGRESSIVE;
				CLANG_CXX_LANGUAGE_STANDARD = "gnu++17";
				CLANG_CXX_LIBRARY = "libc++";
				CLANG_ENABLE_MODULES = YES;
				CLANG_ENABLE_OBJC_ARC = YES;
				CLANG_ENABLE_OBJC_WEAK = YES;
				CLANG_WARN_BLOCK_CAPTURE_AUTORELEASING = YES;
				CLANG_WARN_BOOL_CONVERSION = YES;
				CLANG_WARN_COMMA = YES;
				CLANG_WARN_CONSTANT_CONVERSION = YES;
				CLANG_WARN_DEPRECATED_OBJC_IMPLEMENTATIONS = YES;
				CLANG_WARN_DIRECT_OBJC_ISA_USAGE = YES_ERROR;
				CLANG_WARN_DOCUMENTATION_COMMENTS = YES;
				CLANG_WARN_EMPTY_BODY = YES;
				CLANG_WARN_ENUM_CONVERSION = YES;
				CLANG_WARN_INFINITE_RECURSION = YES;
				CLANG_WARN_INT_CONVERSION = YES;
				CLANG_WARN_NON_LITERAL_NULL_CONVERSION = YES;
				CLANG_WARN_OBJC_IMPLICIT_RETAIN_SELF = YES;
				CLANG_WARN_OBJC_LITERAL_CONVERSION = YES;
				CLANG_WARN_OBJC_ROOT_CLASS = YES_ERROR;
				CLANG_WARN_QUOTED_INCLUDE_IN_FRAMEWORK_HEADER = YES;
				CLANG_WARN_RANGE_LOOP_ANALYSIS = YES;
				CLANG_WARN_STRICT_PROTOTYPES = YES;
				CLANG_WARN_SUSPICIOUS_MOVE = YES;
				CLANG_WARN_UNGUARDED_AVAILABILITY = YES_AGGRESSIVE;
				CLANG_WARN_UNREACHABLE_CODE = YES;
				CLANG_WARN__DUPLICATE_METHOD_MATCH = YES;
				COPY_PHASE_STRIP = NO;
				DEBUG_INFORMATION_FORMAT = "dwarf-with-dsym";
				ENABLE_NS_ASSERTIONS = NO;
				ENABLE_STRICT_OBJC_MSGSEND = YES;
				GCC_C_LANGUAGE_STANDARD = gnu11;
				GCC_NO_COMMON_BLOCKS = YES;
				GCC_WARN_64_TO_32_BIT_CONVERSION = YES;
				GCC_WARN_ABOUT_RETURN_TYPE = YES_ERROR;
				GCC_WARN_UNDECLARED_SELECTOR = YES;
				GCC_WARN_UNINITIALIZED_AUTOS = YES_AGGRESSIVE;
				GCC_WARN_UNUSED_FUNCTION = YES;
				GCC_WARN_UNUSED_VARIABLE = YES;
				IPHONEOS_DEPLOYMENT_TARGET = 15.2;
				MTL_ENABLE_DEBUG_INFO = NO;
				MTL_FAST_MATH = YES;
				SDKROOT = iphoneos;
				SWIFT_COMPILATION_MODE = wholemodule;
				SWIFT_OPTIMIZATION_LEVEL = "-O";
				VALIDATE_PRODUCT = YES;
			};
			name = Release;
		};
		34D0AEE027ECD0DA001B1F89 /* Debug */ = {
			isa = XCBuildConfiguration;
			buildSettings = {
				ASSETCATALOG_COMPILER_APPICON_NAME = AppIcon;
				ASSETCATALOG_COMPILER_GLOBAL_ACCENT_COLOR_NAME = AccentColor;
				CODE_SIGN_STYLE = Automatic;
				CURRENT_PROJECT_VERSION = 1;
				GENERATE_INFOPLIST_FILE = YES;
				INFOPLIST_FILE = StudentAppMultiview/Info.plist;
				INFOPLIST_KEY_CFBundleDisplayName = StudentAppMultiView;
				INFOPLIST_KEY_UIApplicationSupportsIndirectInputEvents = YES;
				INFOPLIST_KEY_UILaunchStoryboardName = LaunchScreen;
				INFOPLIST_KEY_UIMainStoryboardFile = Main;
				INFOPLIST_KEY_UISupportedInterfaceOrientations_iPad = "UIInterfaceOrientationPortrait UIInterfaceOrientationPortraitUpsideDown UIInterfaceOrientationLandscapeLeft UIInterfaceOrientationLandscapeRight";
				INFOPLIST_KEY_UISupportedInterfaceOrientations_iPhone = "UIInterfaceOrientationPortrait UIInterfaceOrientationLandscapeLeft UIInterfaceOrientationLandscapeRight";
				LD_RUNPATH_SEARCH_PATHS = (
					"$(inherited)",
					"@executable_path/Frameworks",
				);
				MARKETING_VERSION = 1.0;
				PRODUCT_BUNDLE_IDENTIFIER = nwmsu.StudentAppMultiview;
				PRODUCT_NAME = "$(TARGET_NAME)";
				SWIFT_EMIT_LOC_STRINGS = YES;
				SWIFT_VERSION = 5.0;
				TARGETED_DEVICE_FAMILY = "1,2";
			};
			name = Debug;
		};
		34D0AEE127ECD0DA001B1F89 /* Release */ = {
			isa = XCBuildConfiguration;
			buildSettings = {
				ASSETCATALOG_COMPILER_APPICON_NAME = AppIcon;
				ASSETCATALOG_COMPILER_GLOBAL_ACCENT_COLOR_NAME = AccentColor;
				CODE_SIGN_STYLE = Automatic;
				CURRENT_PROJECT_VERSION = 1;
				GENERATE_INFOPLIST_FILE = YES;
				INFOPLIST_FILE = StudentAppMultiview/Info.plist;
				INFOPLIST_KEY_CFBundleDisplayName = StudentAppMultiView;
				INFOPLIST_KEY_UIApplicationSupportsIndirectInputEvents = YES;
				INFOPLIST_KEY_UILaunchStoryboardName = LaunchScreen;
				INFOPLIST_KEY_UIMainStoryboardFile = Main;
				INFOPLIST_KEY_UISupportedInterfaceOrientations_iPad = "UIInterfaceOrientationPortrait UIInterfaceOrientationPortraitUpsideDown UIInterfaceOrientationLandscapeLeft UIInterfaceOrientationLandscapeRight";
				INFOPLIST_KEY_UISupportedInterfaceOrientations_iPhone = "UIInterfaceOrientationPortrait UIInterfaceOrientationLandscapeLeft UIInterfaceOrientationLandscapeRight";
				LD_RUNPATH_SEARCH_PATHS = (
					"$(inherited)",
					"@executable_path/Frameworks",
				);
				MARKETING_VERSION = 1.0;
				PRODUCT_BUNDLE_IDENTIFIER = nwmsu.StudentAppMultiview;
				PRODUCT_NAME = "$(TARGET_NAME)";
				SWIFT_EMIT_LOC_STRINGS = YES;
				SWIFT_VERSION = 5.0;
				TARGETED_DEVICE_FAMILY = "1,2";
			};
			name = Release;
		};
		34D0AEE327ECD0DA001B1F89 /* Debug */ = {
			isa = XCBuildConfiguration;
			buildSettings = {
				ALWAYS_EMBED_SWIFT_STANDARD_LIBRARIES = YES;
				BUNDLE_LOADER = "$(TEST_HOST)";
				CODE_SIGN_STYLE = Automatic;
				CURRENT_PROJECT_VERSION = 1;
				GENERATE_INFOPLIST_FILE = YES;
				IPHONEOS_DEPLOYMENT_TARGET = 15.2;
				MARKETING_VERSION = 1.0;
				PRODUCT_BUNDLE_IDENTIFIER = nwmsu.StudentAppMultiviewTests;
				PRODUCT_NAME = "$(TARGET_NAME)";
				SWIFT_EMIT_LOC_STRINGS = NO;
				SWIFT_VERSION = 5.0;
				TARGETED_DEVICE_FAMILY = "1,2";
				TEST_HOST = "$(BUILT_PRODUCTS_DIR)/StudentAppMultiview.app/StudentAppMultiview";
			};
			name = Debug;
		};
		34D0AEE427ECD0DA001B1F89 /* Release */ = {
			isa = XCBuildConfiguration;
			buildSettings = {
				ALWAYS_EMBED_SWIFT_STANDARD_LIBRARIES = YES;
				BUNDLE_LOADER = "$(TEST_HOST)";
				CODE_SIGN_STYLE = Automatic;
				CURRENT_PROJECT_VERSION = 1;
				GENERATE_INFOPLIST_FILE = YES;
				IPHONEOS_DEPLOYMENT_TARGET = 15.2;
				MARKETING_VERSION = 1.0;
				PRODUCT_BUNDLE_IDENTIFIER = nwmsu.StudentAppMultiviewTests;
				PRODUCT_NAME = "$(TARGET_NAME)";
				SWIFT_EMIT_LOC_STRINGS = NO;
				SWIFT_VERSION = 5.0;
				TARGETED_DEVICE_FAMILY = "1,2";
				TEST_HOST = "$(BUILT_PRODUCTS_DIR)/StudentAppMultiview.app/StudentAppMultiview";
			};
			name = Release;
		};
		34D0AEE627ECD0DA001B1F89 /* Debug */ = {
			isa = XCBuildConfiguration;
			buildSettings = {
				ALWAYS_EMBED_SWIFT_STANDARD_LIBRARIES = YES;
				CODE_SIGN_STYLE = Automatic;
				CURRENT_PROJECT_VERSION = 1;
				GENERATE_INFOPLIST_FILE = YES;
				MARKETING_VERSION = 1.0;
				PRODUCT_BUNDLE_IDENTIFIER = nwmsu.StudentAppMultiviewUITests;
				PRODUCT_NAME = "$(TARGET_NAME)";
				SWIFT_EMIT_LOC_STRINGS = NO;
				SWIFT_VERSION = 5.0;
				TARGETED_DEVICE_FAMILY = "1,2";
				TEST_TARGET_NAME = StudentAppMultiview;
			};
			name = Debug;
		};
		34D0AEE727ECD0DA001B1F89 /* Release */ = {
			isa = XCBuildConfiguration;
			buildSettings = {
				ALWAYS_EMBED_SWIFT_STANDARD_LIBRARIES = YES;
				CODE_SIGN_STYLE = Automatic;
				CURRENT_PROJECT_VERSION = 1;
				GENERATE_INFOPLIST_FILE = YES;
				MARKETING_VERSION = 1.0;
				PRODUCT_BUNDLE_IDENTIFIER = nwmsu.StudentAppMultiviewUITests;
				PRODUCT_NAME = "$(TARGET_NAME)";
				SWIFT_EMIT_LOC_STRINGS = NO;
				SWIFT_VERSION = 5.0;
				TARGETED_DEVICE_FAMILY = "1,2";
				TEST_TARGET_NAME = StudentAppMultiview;
			};
			name = Release;
		};
/* End XCBuildConfiguration section */

/* Begin XCConfigurationList section */
		34D0AEB027ECD0D9001B1F89 /* Build configuration list for PBXProject "StudentAppMultiview" */ = {
			isa = XCConfigurationList;
			buildConfigurations = (
				34D0AEDD27ECD0DA001B1F89 /* Debug */,
				34D0AEDE27ECD0DA001B1F89 /* Release */,
			);
			defaultConfigurationIsVisible = 0;
			defaultConfigurationName = Release;
		};
		34D0AEDF27ECD0DA001B1F89 /* Build configuration list for PBXNativeTarget "StudentAppMultiview" */ = {
			isa = XCConfigurationList;
			buildConfigurations = (
				34D0AEE027ECD0DA001B1F89 /* Debug */,
				34D0AEE127ECD0DA001B1F89 /* Release */,
			);
			defaultConfigurationIsVisible = 0;
			defaultConfigurationName = Release;
		};
		34D0AEE227ECD0DA001B1F89 /* Build configuration list for PBXNativeTarget "StudentAppMultiviewTests" */ = {
			isa = XCConfigurationList;
			buildConfigurations = (
				34D0AEE327ECD0DA001B1F89 /* Debug */,
				34D0AEE427ECD0DA001B1F89 /* Release */,
			);
			defaultConfigurationIsVisible = 0;
			defaultConfigurationName = Release;
		};
		34D0AEE527ECD0DA001B1F89 /* Build configuration list for PBXNativeTarget "StudentAppMultiviewUITests" */ = {
			isa = XCConfigurationList;
			buildConfigurations = (
				34D0AEE627ECD0DA001B1F89 /* Debug */,
				34D0AEE727ECD0DA001B1F89 /* Release */,
			);
			defaultConfigurationIsVisible = 0;
			defaultConfigurationName = Release;
		};
/* End XCConfigurationList section */
	};
	rootObject = 34D0AEAD27ECD0D9001B1F89 /* Project object */;
}
