// !$*UTF8*$!
{
	archiveVersion = 1;
	classes = {
	};
	objectVersion = 55;
	objects = {

/* Begin PBXBuildFile section */
		344C968D27A06A45001BE18F /* AppDelegate.swift in Sources */ = {isa = PBXBuildFile; fileRef = 344C968C27A06A45001BE18F /* AppDelegate.swift */; };
		344C968F27A06A45001BE18F /* SceneDelegate.swift in Sources */ = {isa = PBXBuildFile; fileRef = 344C968E27A06A45001BE18F /* SceneDelegate.swift */; };
		344C969127A06A45001BE18F /* ViewController.swift in Sources */ = {isa = PBXBuildFile; fileRef = 344C969027A06A45001BE18F /* ViewController.swift */; };
		344C969427A06A45001BE18F /* Main.storyboard in Resources */ = {isa = PBXBuildFile; fileRef = 344C969227A06A45001BE18F /* Main.storyboard */; };
		344C969627A06A46001BE18F /* Assets.xcassets in Resources */ = {isa = PBXBuildFile; fileRef = 344C969527A06A46001BE18F /* Assets.xcassets */; };
		344C969927A06A46001BE18F /* LaunchScreen.storyboard in Resources */ = {isa = PBXBuildFile; fileRef = 344C969727A06A46001BE18F /* LaunchScreen.storyboard */; };
		344C96A427A06A47001BE18F /* VowelTesterTests.swift in Sources */ = {isa = PBXBuildFile; fileRef = 344C96A327A06A47001BE18F /* VowelTesterTests.swift */; };
		344C96AE27A06A47001BE18F /* VowelTesterUITests.swift in Sources */ = {isa = PBXBuildFile; fileRef = 344C96AD27A06A47001BE18F /* VowelTesterUITests.swift */; };
		344C96B027A06A47001BE18F /* VowelTesterUITestsLaunchTests.swift in Sources */ = {isa = PBXBuildFile; fileRef = 344C96AF27A06A47001BE18F /* VowelTesterUITestsLaunchTests.swift */; };
/* End PBXBuildFile section */

/* Begin PBXContainerItemProxy section */
		344C96A027A06A47001BE18F /* PBXContainerItemProxy */ = {
			isa = PBXContainerItemProxy;
			containerPortal = 344C968127A06A45001BE18F /* Project object */;
			proxyType = 1;
			remoteGlobalIDString = 344C968827A06A45001BE18F;
			remoteInfo = VowelTester;
		};
		344C96AA27A06A47001BE18F /* PBXContainerItemProxy */ = {
			isa = PBXContainerItemProxy;
			containerPortal = 344C968127A06A45001BE18F /* Project object */;
			proxyType = 1;
			remoteGlobalIDString = 344C968827A06A45001BE18F;
			remoteInfo = VowelTester;
		};
/* End PBXContainerItemProxy section */

/* Begin PBXFileReference section */
		344C968927A06A45001BE18F /* VowelTester.app */ = {isa = PBXFileReference; explicitFileType = wrapper.application; includeInIndex = 0; path = VowelTester.app; sourceTree = BUILT_PRODUCTS_DIR; };
		344C968C27A06A45001BE18F /* AppDelegate.swift */ = {isa = PBXFileReference; lastKnownFileType = sourcecode.swift; path = AppDelegate.swift; sourceTree = "<group>"; };
		344C968E27A06A45001BE18F /* SceneDelegate.swift */ = {isa = PBXFileReference; lastKnownFileType = sourcecode.swift; path = SceneDelegate.swift; sourceTree = "<group>"; };
		344C969027A06A45001BE18F /* ViewController.swift */ = {isa = PBXFileReference; lastKnownFileType = sourcecode.swift; path = ViewController.swift; sourceTree = "<group>"; };
		344C969327A06A45001BE18F /* Base */ = {isa = PBXFileReference; lastKnownFileType = file.storyboard; name = Base; path = Base.lproj/Main.storyboard; sourceTree = "<group>"; };
		344C969527A06A46001BE18F /* Assets.xcassets */ = {isa = PBXFileReference; lastKnownFileType = folder.assetcatalog; path = Assets.xcassets; sourceTree = "<group>"; };
		344C969827A06A46001BE18F /* Base */ = {isa = PBXFileReference; lastKnownFileType = file.storyboard; name = Base; path = Base.lproj/LaunchScreen.storyboard; sourceTree = "<group>"; };
		344C969A27A06A46001BE18F /* Info.plist */ = {isa = PBXFileReference; lastKnownFileType = text.plist.xml; path = Info.plist; sourceTree = "<group>"; };
		344C969F27A06A47001BE18F /* VowelTesterTests.xctest */ = {isa = PBXFileReference; explicitFileType = wrapper.cfbundle; includeInIndex = 0; path = VowelTesterTests.xctest; sourceTree = BUILT_PRODUCTS_DIR; };
		344C96A327A06A47001BE18F /* VowelTesterTests.swift */ = {isa = PBXFileReference; lastKnownFileType = sourcecode.swift; path = VowelTesterTests.swift; sourceTree = "<group>"; };
		344C96A927A06A47001BE18F /* VowelTesterUITests.xctest */ = {isa = PBXFileReference; explicitFileType = wrapper.cfbundle; includeInIndex = 0; path = VowelTesterUITests.xctest; sourceTree = BUILT_PRODUCTS_DIR; };
		344C96AD27A06A47001BE18F /* VowelTesterUITests.swift */ = {isa = PBXFileReference; lastKnownFileType = sourcecode.swift; path = VowelTesterUITests.swift; sourceTree = "<group>"; };
		344C96AF27A06A47001BE18F /* VowelTesterUITestsLaunchTests.swift */ = {isa = PBXFileReference; lastKnownFileType = sourcecode.swift; path = VowelTesterUITestsLaunchTests.swift; sourceTree = "<group>"; };
/* End PBXFileReference section */

/* Begin PBXFrameworksBuildPhase section */
		344C968627A06A45001BE18F /* Frameworks */ = {
			isa = PBXFrameworksBuildPhase;
			buildActionMask = 2147483647;
			files = (
			);
			runOnlyForDeploymentPostprocessing = 0;
		};
		344C969C27A06A47001BE18F /* Frameworks */ = {
			isa = PBXFrameworksBuildPhase;
			buildActionMask = 2147483647;
			files = (
			);
			runOnlyForDeploymentPostprocessing = 0;
		};
		344C96A627A06A47001BE18F /* Frameworks */ = {
			isa = PBXFrameworksBuildPhase;
			buildActionMask = 2147483647;
			files = (
			);
			runOnlyForDeploymentPostprocessing = 0;
		};
/* End PBXFrameworksBuildPhase section */

/* Begin PBXGroup section */
		344C968027A06A45001BE18F = {
			isa = PBXGroup;
			children = (
				344C968B27A06A45001BE18F /* VowelTester */,
				344C96A227A06A47001BE18F /* VowelTesterTests */,
				344C96AC27A06A47001BE18F /* VowelTesterUITests */,
				344C968A27A06A45001BE18F /* Products */,
			);
			sourceTree = "<group>";
		};
		344C968A27A06A45001BE18F /* Products */ = {
			isa = PBXGroup;
			children = (
				344C968927A06A45001BE18F /* VowelTester.app */,
				344C969F27A06A47001BE18F /* VowelTesterTests.xctest */,
				344C96A927A06A47001BE18F /* VowelTesterUITests.xctest */,
			);
			name = Products;
			sourceTree = "<group>";
		};
		344C968B27A06A45001BE18F /* VowelTester */ = {
			isa = PBXGroup;
			children = (
				344C968C27A06A45001BE18F /* AppDelegate.swift */,
				344C968E27A06A45001BE18F /* SceneDelegate.swift */,
				344C969027A06A45001BE18F /* ViewController.swift */,
				344C969227A06A45001BE18F /* Main.storyboard */,
				344C969527A06A46001BE18F /* Assets.xcassets */,
				344C969727A06A46001BE18F /* LaunchScreen.storyboard */,
				344C969A27A06A46001BE18F /* Info.plist */,
			);
			path = VowelTester;
			sourceTree = "<group>";
		};
		344C96A227A06A47001BE18F /* VowelTesterTests */ = {
			isa = PBXGroup;
			children = (
				344C96A327A06A47001BE18F /* VowelTesterTests.swift */,
			);
			path = VowelTesterTests;
			sourceTree = "<group>";
		};
		344C96AC27A06A47001BE18F /* VowelTesterUITests */ = {
			isa = PBXGroup;
			children = (
				344C96AD27A06A47001BE18F /* VowelTesterUITests.swift */,
				344C96AF27A06A47001BE18F /* VowelTesterUITestsLaunchTests.swift */,
			);
			path = VowelTesterUITests;
			sourceTree = "<group>";
		};
/* End PBXGroup section */

/* Begin PBXNativeTarget section */
		344C968827A06A45001BE18F /* VowelTester */ = {
			isa = PBXNativeTarget;
			buildConfigurationList = 344C96B327A06A47001BE18F /* Build configuration list for PBXNativeTarget "VowelTester" */;
			buildPhases = (
				344C968527A06A45001BE18F /* Sources */,
				344C968627A06A45001BE18F /* Frameworks */,
				344C968727A06A45001BE18F /* Resources */,
			);
			buildRules = (
			);
			dependencies = (
			);
			name = VowelTester;
			productName = VowelTester;
			productReference = 344C968927A06A45001BE18F /* VowelTester.app */;
			productType = "com.apple.product-type.application";
		};
		344C969E27A06A47001BE18F /* VowelTesterTests */ = {
			isa = PBXNativeTarget;
			buildConfigurationList = 344C96B627A06A47001BE18F /* Build configuration list for PBXNativeTarget "VowelTesterTests" */;
			buildPhases = (
				344C969B27A06A47001BE18F /* Sources */,
				344C969C27A06A47001BE18F /* Frameworks */,
				344C969D27A06A47001BE18F /* Resources */,
			);
			buildRules = (
			);
			dependencies = (
				344C96A127A06A47001BE18F /* PBXTargetDependency */,
			);
			name = VowelTesterTests;
			productName = VowelTesterTests;
			productReference = 344C969F27A06A47001BE18F /* VowelTesterTests.xctest */;
			productType = "com.apple.product-type.bundle.unit-test";
		};
		344C96A827A06A47001BE18F /* VowelTesterUITests */ = {
			isa = PBXNativeTarget;
			buildConfigurationList = 344C96B927A06A47001BE18F /* Build configuration list for PBXNativeTarget "VowelTesterUITests" */;
			buildPhases = (
				344C96A527A06A47001BE18F /* Sources */,
				344C96A627A06A47001BE18F /* Frameworks */,
				344C96A727A06A47001BE18F /* Resources */,
			);
			buildRules = (
			);
			dependencies = (
				344C96AB27A06A47001BE18F /* PBXTargetDependency */,
			);
			name = VowelTesterUITests;
			productName = VowelTesterUITests;
			productReference = 344C96A927A06A47001BE18F /* VowelTesterUITests.xctest */;
			productType = "com.apple.product-type.bundle.ui-testing";
		};
/* End PBXNativeTarget section */

/* Begin PBXProject section */
		344C968127A06A45001BE18F /* Project object */ = {
			isa = PBXProject;
			attributes = {
				BuildIndependentTargetsInParallel = 1;
				LastSwiftUpdateCheck = 1320;
				LastUpgradeCheck = 1320;
				TargetAttributes = {
					344C968827A06A45001BE18F = {
						CreatedOnToolsVersion = 13.2.1;
					};
					344C969E27A06A47001BE18F = {
						CreatedOnToolsVersion = 13.2.1;
						TestTargetID = 344C968827A06A45001BE18F;
					};
					344C96A827A06A47001BE18F = {
						CreatedOnToolsVersion = 13.2.1;
						TestTargetID = 344C968827A06A45001BE18F;
					};
				};
			};
			buildConfigurationList = 344C968427A06A45001BE18F /* Build configuration list for PBXProject "VowelTester" */;
			compatibilityVersion = "Xcode 13.0";
			developmentRegion = en;
			hasScannedForEncodings = 0;
			knownRegions = (
				en,
				Base,
			);
			mainGroup = 344C968027A06A45001BE18F;
			productRefGroup = 344C968A27A06A45001BE18F /* Products */;
			projectDirPath = "";
			projectRoot = "";
			targets = (
				344C968827A06A45001BE18F /* VowelTester */,
				344C969E27A06A47001BE18F /* VowelTesterTests */,
				344C96A827A06A47001BE18F /* VowelTesterUITests */,
			);
		};
/* End PBXProject section */

/* Begin PBXResourcesBuildPhase section */
		344C968727A06A45001BE18F /* Resources */ = {
			isa = PBXResourcesBuildPhase;
			buildActionMask = 2147483647;
			files = (
				344C969927A06A46001BE18F /* LaunchScreen.storyboard in Resources */,
				344C969627A06A46001BE18F /* Assets.xcassets in Resources */,
				344C969427A06A45001BE18F /* Main.storyboard in Resources */,
			);
			runOnlyForDeploymentPostprocessing = 0;
		};
		344C969D27A06A47001BE18F /* Resources */ = {
			isa = PBXResourcesBuildPhase;
			buildActionMask = 2147483647;
			files = (
			);
			runOnlyForDeploymentPostprocessing = 0;
		};
		344C96A727A06A47001BE18F /* Resources */ = {
			isa = PBXResourcesBuildPhase;
			buildActionMask = 2147483647;
			files = (
			);
			runOnlyForDeploymentPostprocessing = 0;
		};
/* End PBXResourcesBuildPhase section */

/* Begin PBXSourcesBuildPhase section */
		344C968527A06A45001BE18F /* Sources */ = {
			isa = PBXSourcesBuildPhase;
			buildActionMask = 2147483647;
			files = (
				344C969127A06A45001BE18F /* ViewController.swift in Sources */,
				344C968D27A06A45001BE18F /* AppDelegate.swift in Sources */,
				344C968F27A06A45001BE18F /* SceneDelegate.swift in Sources */,
			);
			runOnlyForDeploymentPostprocessing = 0;
		};
		344C969B27A06A47001BE18F /* Sources */ = {
			isa = PBXSourcesBuildPhase;
			buildActionMask = 2147483647;
			files = (
				344C96A427A06A47001BE18F /* VowelTesterTests.swift in Sources */,
			);
			runOnlyForDeploymentPostprocessing = 0;
		};
		344C96A527A06A47001BE18F /* Sources */ = {
			isa = PBXSourcesBuildPhase;
			buildActionMask = 2147483647;
			files = (
				344C96AE27A06A47001BE18F /* VowelTesterUITests.swift in Sources */,
				344C96B027A06A47001BE18F /* VowelTesterUITestsLaunchTests.swift in Sources */,
			);
			runOnlyForDeploymentPostprocessing = 0;
		};
/* End PBXSourcesBuildPhase section */

/* Begin PBXTargetDependency section */
		344C96A127A06A47001BE18F /* PBXTargetDependency */ = {
			isa = PBXTargetDependency;
			target = 344C968827A06A45001BE18F /* VowelTester */;
			targetProxy = 344C96A027A06A47001BE18F /* PBXContainerItemProxy */;
		};
		344C96AB27A06A47001BE18F /* PBXTargetDependency */ = {
			isa = PBXTargetDependency;
			target = 344C968827A06A45001BE18F /* VowelTester */;
			targetProxy = 344C96AA27A06A47001BE18F /* PBXContainerItemProxy */;
		};
/* End PBXTargetDependency section */

/* Begin PBXVariantGroup section */
		344C969227A06A45001BE18F /* Main.storyboard */ = {
			isa = PBXVariantGroup;
			children = (
				344C969327A06A45001BE18F /* Base */,
			);
			name = Main.storyboard;
			sourceTree = "<group>";
		};
		344C969727A06A46001BE18F /* LaunchScreen.storyboard */ = {
			isa = PBXVariantGroup;
			children = (
				344C969827A06A46001BE18F /* Base */,
			);
			name = LaunchScreen.storyboard;
			sourceTree = "<group>";
		};
/* End PBXVariantGroup section */

/* Begin XCBuildConfiguration section */
		344C96B127A06A47001BE18F /* Debug */ = {
			isa = XCBuildConfiguration;
			buildSettings = {
				ALWAYS_SEARCH_USER_PATHS = NO;
				CLANG_ANALYZER_NONNULL = YES;
				CLANG_ANALYZER_NUMBER_OBJECT_CONVERSION = YES_AGGRESSIVE;
				CLANG_CXX_LANGUAGE_STANDARD = "gnu++17";
				CLANG_CXX_LIBRARY = "libc++";
				CLANG_ENABLE_MODULES = YES;
				CLANG_ENABLE_OBJC_ARC = YES;
				CLANG_ENABLE_OBJC_WEAK = YES;
				CLANG_WARN_BLOCK_CAPTURE_AUTORELEASING = YES;
				CLANG_WARN_BOOL_CONVERSION = YES;
				CLANG_WARN_COMMA = YES;
				CLANG_WARN_CONSTANT_CONVERSION = YES;
				CLANG_WARN_DEPRECATED_OBJC_IMPLEMENTATIONS = YES;
				CLANG_WARN_DIRECT_OBJC_ISA_USAGE = YES_ERROR;
				CLANG_WARN_DOCUMENTATION_COMMENTS = YES;
				CLANG_WARN_EMPTY_BODY = YES;
				CLANG_WARN_ENUM_CONVERSION = YES;
				CLANG_WARN_INFINITE_RECURSION = YES;
				CLANG_WARN_INT_CONVERSION = YES;
				CLANG_WARN_NON_LITERAL_NULL_CONVERSION = YES;
				CLANG_WARN_OBJC_IMPLICIT_RETAIN_SELF = YES;
				CLANG_WARN_OBJC_LITERAL_CONVERSION = YES;
				CLANG_WARN_OBJC_ROOT_CLASS = YES_ERROR;
				CLANG_WARN_QUOTED_INCLUDE_IN_FRAMEWORK_HEADER = YES;
				CLANG_WARN_RANGE_LOOP_ANALYSIS = YES;
				CLANG_WARN_STRICT_PROTOTYPES = YES;
				CLANG_WARN_SUSPICIOUS_MOVE = YES;
				CLANG_WARN_UNGUARDED_AVAILABILITY = YES_AGGRESSIVE;
				CLANG_WARN_UNREACHABLE_CODE = YES;
				CLANG_WARN__DUPLICATE_METHOD_MATCH = YES;
				COPY_PHASE_STRIP = NO;
				DEBUG_INFORMATION_FORMAT = dwarf;
				ENABLE_STRICT_OBJC_MSGSEND = YES;
				ENABLE_TESTABILITY = YES;
				GCC_C_LANGUAGE_STANDARD = gnu11;
				GCC_DYNAMIC_NO_PIC = NO;
				GCC_NO_COMMON_BLOCKS = YES;
				GCC_OPTIMIZATION_LEVEL = 0;
				GCC_PREPROCESSOR_DEFINITIONS = (
					"DEBUG=1",
					"$(inherited)",
				);
				GCC_WARN_64_TO_32_BIT_CONVERSION = YES;
				GCC_WARN_ABOUT_RETURN_TYPE = YES_ERROR;
				GCC_WARN_UNDECLARED_SELECTOR = YES;
				GCC_WARN_UNINITIALIZED_AUTOS = YES_AGGRESSIVE;
				GCC_WARN_UNUSED_FUNCTION = YES;
				GCC_WARN_UNUSED_VARIABLE = YES;
				IPHONEOS_DEPLOYMENT_TARGET = 15.2;
				MTL_ENABLE_DEBUG_INFO = INCLUDE_SOURCE;
				MTL_FAST_MATH = YES;
				ONLY_ACTIVE_ARCH = YES;
				SDKROOT = iphoneos;
				SWIFT_ACTIVE_COMPILATION_CONDITIONS = DEBUG;
				SWIFT_OPTIMIZATION_LEVEL = "-Onone";
			};
			name = Debug;
		};
		344C96B227A06A47001BE18F /* Release */ = {
			isa = XCBuildConfiguration;
			buildSettings = {
				ALWAYS_SEARCH_USER_PATHS = NO;
				CLANG_ANALYZER_NONNULL = YES;
				CLANG_ANALYZER_NUMBER_OBJECT_CONVERSION = YES_AGGRESSIVE;
				CLANG_CXX_LANGUAGE_STANDARD = "gnu++17";
				CLANG_CXX_LIBRARY = "libc++";
				CLANG_ENABLE_MODULES = YES;
				CLANG_ENABLE_OBJC_ARC = YES;
				CLANG_ENABLE_OBJC_WEAK = YES;
				CLANG_WARN_BLOCK_CAPTURE_AUTORELEASING = YES;
				CLANG_WARN_BOOL_CONVERSION = YES;
				CLANG_WARN_COMMA = YES;
				CLANG_WARN_CONSTANT_CONVERSION = YES;
				CLANG_WARN_DEPRECATED_OBJC_IMPLEMENTATIONS = YES;
				CLANG_WARN_DIRECT_OBJC_ISA_USAGE = YES_ERROR;
				CLANG_WARN_DOCUMENTATION_COMMENTS = YES;
				CLANG_WARN_EMPTY_BODY = YES;
				CLANG_WARN_ENUM_CONVERSION = YES;
				CLANG_WARN_INFINITE_RECURSION = YES;
				CLANG_WARN_INT_CONVERSION = YES;
				CLANG_WARN_NON_LITERAL_NULL_CONVERSION = YES;
				CLANG_WARN_OBJC_IMPLICIT_RETAIN_SELF = YES;
				CLANG_WARN_OBJC_LITERAL_CONVERSION = YES;
				CLANG_WARN_OBJC_ROOT_CLASS = YES_ERROR;
				CLANG_WARN_QUOTED_INCLUDE_IN_FRAMEWORK_HEADER = YES;
				CLANG_WARN_RANGE_LOOP_ANALYSIS = YES;
				CLANG_WARN_STRICT_PROTOTYPES = YES;
				CLANG_WARN_SUSPICIOUS_MOVE = YES;
				CLANG_WARN_UNGUARDED_AVAILABILITY = YES_AGGRESSIVE;
				CLANG_WARN_UNREACHABLE_CODE = YES;
				CLANG_WARN__DUPLICATE_METHOD_MATCH = YES;
				COPY_PHASE_STRIP = NO;
				DEBUG_INFORMATION_FORMAT = "dwarf-with-dsym";
				ENABLE_NS_ASSERTIONS = NO;
				ENABLE_STRICT_OBJC_MSGSEND = YES;
				GCC_C_LANGUAGE_STANDARD = gnu11;
				GCC_NO_COMMON_BLOCKS = YES;
				GCC_WARN_64_TO_32_BIT_CONVERSION = YES;
				GCC_WARN_ABOUT_RETURN_TYPE = YES_ERROR;
				GCC_WARN_UNDECLARED_SELECTOR = YES;
				GCC_WARN_UNINITIALIZED_AUTOS = YES_AGGRESSIVE;
				GCC_WARN_UNUSED_FUNCTION = YES;
				GCC_WARN_UNUSED_VARIABLE = YES;
				IPHONEOS_DEPLOYMENT_TARGET = 15.2;
				MTL_ENABLE_DEBUG_INFO = NO;
				MTL_FAST_MATH = YES;
				SDKROOT = iphoneos;
				SWIFT_COMPILATION_MODE = wholemodule;
				SWIFT_OPTIMIZATION_LEVEL = "-O";
				VALIDATE_PRODUCT = YES;
			};
			name = Release;
		};
		344C96B427A06A47001BE18F /* Debug */ = {
			isa = XCBuildConfiguration;
			buildSettings = {
				ASSETCATALOG_COMPILER_APPICON_NAME = AppIcon;
				ASSETCATALOG_COMPILER_GLOBAL_ACCENT_COLOR_NAME = AccentColor;
				CODE_SIGN_STYLE = Automatic;
				CURRENT_PROJECT_VERSION = 1;
				GENERATE_INFOPLIST_FILE = YES;
				INFOPLIST_FILE = VowelTester/Info.plist;
				INFOPLIST_KEY_CFBundleDisplayName = VowelTester;
				INFOPLIST_KEY_UIApplicationSupportsIndirectInputEvents = YES;
				INFOPLIST_KEY_UILaunchStoryboardName = LaunchScreen;
				INFOPLIST_KEY_UIMainStoryboardFile = Main;
				INFOPLIST_KEY_UISupportedInterfaceOrientations_iPad = "UIInterfaceOrientationPortrait UIInterfaceOrientationPortraitUpsideDown UIInterfaceOrientationLandscapeLeft UIInterfaceOrientationLandscapeRight";
				INFOPLIST_KEY_UISupportedInterfaceOrientations_iPhone = "UIInterfaceOrientationPortrait UIInterfaceOrientationLandscapeLeft UIInterfaceOrientationLandscapeRight";
				LD_RUNPATH_SEARCH_PATHS = (
					"$(inherited)",
					"@executable_path/Frameworks",
				);
				MARKETING_VERSION = 1.0;
				PRODUCT_BUNDLE_IDENTIFIER = nwmsu.VowelTester;
				PRODUCT_NAME = "$(TARGET_NAME)";
				SWIFT_EMIT_LOC_STRINGS = YES;
				SWIFT_VERSION = 5.0;
				TARGETED_DEVICE_FAMILY = "1,2";
			};
			name = Debug;
		};
		344C96B527A06A47001BE18F /* Release */ = {
			isa = XCBuildConfiguration;
			buildSettings = {
				ASSETCATALOG_COMPILER_APPICON_NAME = AppIcon;
				ASSETCATALOG_COMPILER_GLOBAL_ACCENT_COLOR_NAME = AccentColor;
				CODE_SIGN_STYLE = Automatic;
				CURRENT_PROJECT_VERSION = 1;
				GENERATE_INFOPLIST_FILE = YES;
				INFOPLIST_FILE = VowelTester/Info.plist;
				INFOPLIST_KEY_CFBundleDisplayName = VowelTester;
				INFOPLIST_KEY_UIApplicationSupportsIndirectInputEvents = YES;
				INFOPLIST_KEY_UILaunchStoryboardName = LaunchScreen;
				INFOPLIST_KEY_UIMainStoryboardFile = Main;
				INFOPLIST_KEY_UISupportedInterfaceOrientations_iPad = "UIInterfaceOrientationPortrait UIInterfaceOrientationPortraitUpsideDown UIInterfaceOrientationLandscapeLeft UIInterfaceOrientationLandscapeRight";
				INFOPLIST_KEY_UISupportedInterfaceOrientations_iPhone = "UIInterfaceOrientationPortrait UIInterfaceOrientationLandscapeLeft UIInterfaceOrientationLandscapeRight";
				LD_RUNPATH_SEARCH_PATHS = (
					"$(inherited)",
					"@executable_path/Frameworks",
				);
				MARKETING_VERSION = 1.0;
				PRODUCT_BUNDLE_IDENTIFIER = nwmsu.VowelTester;
				PRODUCT_NAME = "$(TARGET_NAME)";
				SWIFT_EMIT_LOC_STRINGS = YES;
				SWIFT_VERSION = 5.0;
				TARGETED_DEVICE_FAMILY = "1,2";
			};
			name = Release;
		};
		344C96B727A06A47001BE18F /* Debug */ = {
			isa = XCBuildConfiguration;
			buildSettings = {
				ALWAYS_EMBED_SWIFT_STANDARD_LIBRARIES = YES;
				BUNDLE_LOADER = "$(TEST_HOST)";
				CODE_SIGN_STYLE = Automatic;
				CURRENT_PROJECT_VERSION = 1;
				GENERATE_INFOPLIST_FILE = YES;
				IPHONEOS_DEPLOYMENT_TARGET = 15.2;
				MARKETING_VERSION = 1.0;
				PRODUCT_BUNDLE_IDENTIFIER = nwmsu.VowelTesterTests;
				PRODUCT_NAME = "$(TARGET_NAME)";
				SWIFT_EMIT_LOC_STRINGS = NO;
				SWIFT_VERSION = 5.0;
				TARGETED_DEVICE_FAMILY = "1,2";
				TEST_HOST = "$(BUILT_PRODUCTS_DIR)/VowelTester.app/VowelTester";
			};
			name = Debug;
		};
		344C96B827A06A47001BE18F /* Release */ = {
			isa = XCBuildConfiguration;
			buildSettings = {
				ALWAYS_EMBED_SWIFT_STANDARD_LIBRARIES = YES;
				BUNDLE_LOADER = "$(TEST_HOST)";
				CODE_SIGN_STYLE = Automatic;
				CURRENT_PROJECT_VERSION = 1;
				GENERATE_INFOPLIST_FILE = YES;
				IPHONEOS_DEPLOYMENT_TARGET = 15.2;
				MARKETING_VERSION = 1.0;
				PRODUCT_BUNDLE_IDENTIFIER = nwmsu.VowelTesterTests;
				PRODUCT_NAME = "$(TARGET_NAME)";
				SWIFT_EMIT_LOC_STRINGS = NO;
				SWIFT_VERSION = 5.0;
				TARGETED_DEVICE_FAMILY = "1,2";
				TEST_HOST = "$(BUILT_PRODUCTS_DIR)/VowelTester.app/VowelTester";
			};
			name = Release;
		};
		344C96BA27A06A47001BE18F /* Debug */ = {
			isa = XCBuildConfiguration;
			buildSettings = {
				ALWAYS_EMBED_SWIFT_STANDARD_LIBRARIES = YES;
				CODE_SIGN_STYLE = Automatic;
				CURRENT_PROJECT_VERSION = 1;
				GENERATE_INFOPLIST_FILE = YES;
				MARKETING_VERSION = 1.0;
				PRODUCT_BUNDLE_IDENTIFIER = nwmsu.VowelTesterUITests;
				PRODUCT_NAME = "$(TARGET_NAME)";
				SWIFT_EMIT_LOC_STRINGS = NO;
				SWIFT_VERSION = 5.0;
				TARGETED_DEVICE_FAMILY = "1,2";
				TEST_TARGET_NAME = VowelTester;
			};
			name = Debug;
		};
		344C96BB27A06A47001BE18F /* Release */ = {
			isa = XCBuildConfiguration;
			buildSettings = {
				ALWAYS_EMBED_SWIFT_STANDARD_LIBRARIES = YES;
				CODE_SIGN_STYLE = Automatic;
				CURRENT_PROJECT_VERSION = 1;
				GENERATE_INFOPLIST_FILE = YES;
				MARKETING_VERSION = 1.0;
				PRODUCT_BUNDLE_IDENTIFIER = nwmsu.VowelTesterUITests;
				PRODUCT_NAME = "$(TARGET_NAME)";
				SWIFT_EMIT_LOC_STRINGS = NO;
				SWIFT_VERSION = 5.0;
				TARGETED_DEVICE_FAMILY = "1,2";
				TEST_TARGET_NAME = VowelTester;
			};
			name = Release;
		};
/* End XCBuildConfiguration section */

/* Begin XCConfigurationList section */
		344C968427A06A45001BE18F /* Build configuration list for PBXProject "VowelTester" */ = {
			isa = XCConfigurationList;
			buildConfigurations = (
				344C96B127A06A47001BE18F /* Debug */,
				344C96B227A06A47001BE18F /* Release */,
			);
			defaultConfigurationIsVisible = 0;
			defaultConfigurationName = Release;
		};
		344C96B327A06A47001BE18F /* Build configuration list for PBXNativeTarget "VowelTester" */ = {
			isa = XCConfigurationList;
			buildConfigurations = (
				344C96B427A06A47001BE18F /* Debug */,
				344C96B527A06A47001BE18F /* Release */,
			);
			defaultConfigurationIsVisible = 0;
			defaultConfigurationName = Release;
		};
		344C96B627A06A47001BE18F /* Build configuration list for PBXNativeTarget "VowelTesterTests" */ = {
			isa = XCConfigurationList;
			buildConfigurations = (
				344C96B727A06A47001BE18F /* Debug */,
				344C96B827A06A47001BE18F /* Release */,
			);
			defaultConfigurationIsVisible = 0;
			defaultConfigurationName = Release;
		};
		344C96B927A06A47001BE18F /* Build configuration list for PBXNativeTarget "VowelTesterUITests" */ = {
			isa = XCConfigurationList;
			buildConfigurations = (
				344C96BA27A06A47001BE18F /* Debug */,
				344C96BB27A06A47001BE18F /* Release */,
			);
			defaultConfigurationIsVisible = 0;
			defaultConfigurationName = Release;
		};
/* End XCConfigurationList section */
	};
	rootObject = 344C968127A06A45001BE18F /* Project object */;
}
